// !$*UTF8*$!
{
	archiveVersion = 1;
	classes = {
	};
	objectVersion = 55;
	objects = {

/* Begin PBXBuildFile section */
		627CF5FF284674BE00D171F9 /* AppDelegate.swift in Sources */ = {isa = PBXBuildFile; fileRef = 627CF5FE284674BE00D171F9 /* AppDelegate.swift */; };
		627CF601284674BE00D171F9 /* SceneDelegate.swift in Sources */ = {isa = PBXBuildFile; fileRef = 627CF600284674BE00D171F9 /* SceneDelegate.swift */; };
		627CF603284674BE00D171F9 /* ViewController.swift in Sources */ = {isa = PBXBuildFile; fileRef = 627CF602284674BE00D171F9 /* ViewController.swift */; };
		627CF606284674BE00D171F9 /* Main.storyboard in Resources */ = {isa = PBXBuildFile; fileRef = 627CF604284674BE00D171F9 /* Main.storyboard */; };
		627CF608284674C100D171F9 /* Assets.xcassets in Resources */ = {isa = PBXBuildFile; fileRef = 627CF607284674C100D171F9 /* Assets.xcassets */; };
		627CF60B284674C100D171F9 /* LaunchScreen.storyboard in Resources */ = {isa = PBXBuildFile; fileRef = 627CF609284674C100D171F9 /* LaunchScreen.storyboard */; };
		627CF616284674C100D171F9 /* Odev2Tests.swift in Sources */ = {isa = PBXBuildFile; fileRef = 627CF615284674C100D171F9 /* Odev2Tests.swift */; };
		627CF620284674C100D171F9 /* Odev2UITests.swift in Sources */ = {isa = PBXBuildFile; fileRef = 627CF61F284674C100D171F9 /* Odev2UITests.swift */; };
		627CF622284674C100D171F9 /* Odev2UITestsLaunchTests.swift in Sources */ = {isa = PBXBuildFile; fileRef = 627CF621284674C100D171F9 /* Odev2UITestsLaunchTests.swift */; };
/* End PBXBuildFile section */

/* Begin PBXContainerItemProxy section */
		627CF612284674C100D171F9 /* PBXContainerItemProxy */ = {
			isa = PBXContainerItemProxy;
			containerPortal = 627CF5F3284674BE00D171F9 /* Project object */;
			proxyType = 1;
			remoteGlobalIDString = 627CF5FA284674BE00D171F9;
			remoteInfo = Odev2;
		};
		627CF61C284674C100D171F9 /* PBXContainerItemProxy */ = {
			isa = PBXContainerItemProxy;
			containerPortal = 627CF5F3284674BE00D171F9 /* Project object */;
			proxyType = 1;
			remoteGlobalIDString = 627CF5FA284674BE00D171F9;
			remoteInfo = Odev2;
		};
/* End PBXContainerItemProxy section */

/* Begin PBXFileReference section */
		627CF5FB284674BE00D171F9 /* Odev2.app */ = {isa = PBXFileReference; explicitFileType = wrapper.application; includeInIndex = 0; path = Odev2.app; sourceTree = BUILT_PRODUCTS_DIR; };
		627CF5FE284674BE00D171F9 /* AppDelegate.swift */ = {isa = PBXFileReference; lastKnownFileType = sourcecode.swift; path = AppDelegate.swift; sourceTree = "<group>"; };
		627CF600284674BE00D171F9 /* SceneDelegate.swift */ = {isa = PBXFileReference; lastKnownFileType = sourcecode.swift; path = SceneDelegate.swift; sourceTree = "<group>"; };
		627CF602284674BE00D171F9 /* ViewController.swift */ = {isa = PBXFileReference; lastKnownFileType = sourcecode.swift; path = ViewController.swift; sourceTree = "<group>"; };
		627CF605284674BE00D171F9 /* Base */ = {isa = PBXFileReference; lastKnownFileType = file.storyboard; name = Base; path = Base.lproj/Main.storyboard; sourceTree = "<group>"; };
		627CF607284674C100D171F9 /* Assets.xcassets */ = {isa = PBXFileReference; lastKnownFileType = folder.assetcatalog; path = Assets.xcassets; sourceTree = "<group>"; };
		627CF60A284674C100D171F9 /* Base */ = {isa = PBXFileReference; lastKnownFileType = file.storyboard; name = Base; path = Base.lproj/LaunchScreen.storyboard; sourceTree = "<group>"; };
		627CF60C284674C100D171F9 /* Info.plist */ = {isa = PBXFileReference; lastKnownFileType = text.plist.xml; path = Info.plist; sourceTree = "<group>"; };
		627CF611284674C100D171F9 /* Odev2Tests.xctest */ = {isa = PBXFileReference; explicitFileType = wrapper.cfbundle; includeInIndex = 0; path = Odev2Tests.xctest; sourceTree = BUILT_PRODUCTS_DIR; };
		627CF615284674C100D171F9 /* Odev2Tests.swift */ = {isa = PBXFileReference; lastKnownFileType = sourcecode.swift; path = Odev2Tests.swift; sourceTree = "<group>"; };
		627CF61B284674C100D171F9 /* Odev2UITests.xctest */ = {isa = PBXFileReference; explicitFileType = wrapper.cfbundle; includeInIndex = 0; path = Odev2UITests.xctest; sourceTree = BUILT_PRODUCTS_DIR; };
		627CF61F284674C100D171F9 /* Odev2UITests.swift */ = {isa = PBXFileReference; lastKnownFileType = sourcecode.swift; path = Odev2UITests.swift; sourceTree = "<group>"; };
		627CF621284674C100D171F9 /* Odev2UITestsLaunchTests.swift */ = {isa = PBXFileReference; lastKnownFileType = sourcecode.swift; path = Odev2UITestsLaunchTests.swift; sourceTree = "<group>"; };
/* End PBXFileReference section */

/* Begin PBXFrameworksBuildPhase section */
		627CF5F8284674BE00D171F9 /* Frameworks */ = {
			isa = PBXFrameworksBuildPhase;
			buildActionMask = 2147483647;
			files = (
			);
			runOnlyForDeploymentPostprocessing = 0;
		};
		627CF60E284674C100D171F9 /* Frameworks */ = {
			isa = PBXFrameworksBuildPhase;
			buildActionMask = 2147483647;
			files = (
			);
			runOnlyForDeploymentPostprocessing = 0;
		};
		627CF618284674C100D171F9 /* Frameworks */ = {
			isa = PBXFrameworksBuildPhase;
			buildActionMask = 2147483647;
			files = (
			);
			runOnlyForDeploymentPostprocessing = 0;
		};
/* End PBXFrameworksBuildPhase section */

/* Begin PBXGroup section */
		627CF5F2284674BE00D171F9 = {
			isa = PBXGroup;
			children = (
				627CF5FD284674BE00D171F9 /* Odev2 */,
				627CF614284674C100D171F9 /* Odev2Tests */,
				627CF61E284674C100D171F9 /* Odev2UITests */,
				627CF5FC284674BE00D171F9 /* Products */,
			);
			sourceTree = "<group>";
		};
		627CF5FC284674BE00D171F9 /* Products */ = {
			isa = PBXGroup;
			children = (
				627CF5FB284674BE00D171F9 /* Odev2.app */,
				627CF611284674C100D171F9 /* Odev2Tests.xctest */,
				627CF61B284674C100D171F9 /* Odev2UITests.xctest */,
			);
			name = Products;
			sourceTree = "<group>";
		};
		627CF5FD284674BE00D171F9 /* Odev2 */ = {
			isa = PBXGroup;
			children = (
				627CF5FE284674BE00D171F9 /* AppDelegate.swift */,
				627CF600284674BE00D171F9 /* SceneDelegate.swift */,
				627CF602284674BE00D171F9 /* ViewController.swift */,
				627CF604284674BE00D171F9 /* Main.storyboard */,
				627CF607284674C100D171F9 /* Assets.xcassets */,
				627CF609284674C100D171F9 /* LaunchScreen.storyboard */,
				627CF60C284674C100D171F9 /* Info.plist */,
			);
			path = Odev2;
			sourceTree = "<group>";
		};
		627CF614284674C100D171F9 /* Odev2Tests */ = {
			isa = PBXGroup;
			children = (
				627CF615284674C100D171F9 /* Odev2Tests.swift */,
			);
			path = Odev2Tests;
			sourceTree = "<group>";
		};
		627CF61E284674C100D171F9 /* Odev2UITests */ = {
			isa = PBXGroup;
			children = (
				627CF61F284674C100D171F9 /* Odev2UITests.swift */,
				627CF621284674C100D171F9 /* Odev2UITestsLaunchTests.swift */,
			);
			path = Odev2UITests;
			sourceTree = "<group>";
		};
/* End PBXGroup section */

/* Begin PBXNativeTarget section */
		627CF5FA284674BE00D171F9 /* Odev2 */ = {
			isa = PBXNativeTarget;
			buildConfigurationList = 627CF625284674C100D171F9 /* Build configuration list for PBXNativeTarget "Odev2" */;
			buildPhases = (
				627CF5F7284674BE00D171F9 /* Sources */,
				627CF5F8284674BE00D171F9 /* Frameworks */,
				627CF5F9284674BE00D171F9 /* Resources */,
			);
			buildRules = (
			);
			dependencies = (
			);
			name = Odev2;
			productName = Odev2;
			productReference = 627CF5FB284674BE00D171F9 /* Odev2.app */;
			productType = "com.apple.product-type.application";
		};
		627CF610284674C100D171F9 /* Odev2Tests */ = {
			isa = PBXNativeTarget;
			buildConfigurationList = 627CF628284674C100D171F9 /* Build configuration list for PBXNativeTarget "Odev2Tests" */;
			buildPhases = (
				627CF60D284674C100D171F9 /* Sources */,
				627CF60E284674C100D171F9 /* Frameworks */,
				627CF60F284674C100D171F9 /* Resources */,
			);
			buildRules = (
			);
			dependencies = (
				627CF613284674C100D171F9 /* PBXTargetDependency */,
			);
			name = Odev2Tests;
			productName = Odev2Tests;
			productReference = 627CF611284674C100D171F9 /* Odev2Tests.xctest */;
			productType = "com.apple.product-type.bundle.unit-test";
		};
		627CF61A284674C100D171F9 /* Odev2UITests */ = {
			isa = PBXNativeTarget;
			buildConfigurationList = 627CF62B284674C100D171F9 /* Build configuration list for PBXNativeTarget "Odev2UITests" */;
			buildPhases = (
				627CF617284674C100D171F9 /* Sources */,
				627CF618284674C100D171F9 /* Frameworks */,
				627CF619284674C100D171F9 /* Resources */,
			);
			buildRules = (
			);
			dependencies = (
				627CF61D284674C100D171F9 /* PBXTargetDependency */,
			);
			name = Odev2UITests;
			productName = Odev2UITests;
			productReference = 627CF61B284674C100D171F9 /* Odev2UITests.xctest */;
			productType = "com.apple.product-type.bundle.ui-testing";
		};
/* End PBXNativeTarget section */

/* Begin PBXProject section */
		627CF5F3284674BE00D171F9 /* Project object */ = {
			isa = PBXProject;
			attributes = {
				BuildIndependentTargetsInParallel = 1;
				LastSwiftUpdateCheck = 1340;
				LastUpgradeCheck = 1340;
				TargetAttributes = {
					627CF5FA284674BE00D171F9 = {
						CreatedOnToolsVersion = 13.4;
					};
					627CF610284674C100D171F9 = {
						CreatedOnToolsVersion = 13.4;
						TestTargetID = 627CF5FA284674BE00D171F9;
					};
					627CF61A284674C100D171F9 = {
						CreatedOnToolsVersion = 13.4;
						TestTargetID = 627CF5FA284674BE00D171F9;
					};
				};
			};
			buildConfigurationList = 627CF5F6284674BE00D171F9 /* Build configuration list for PBXProject "Odev2" */;
			compatibilityVersion = "Xcode 13.0";
			developmentRegion = en;
			hasScannedForEncodings = 0;
			knownRegions = (
				en,
				Base,
			);
			mainGroup = 627CF5F2284674BE00D171F9;
			productRefGroup = 627CF5FC284674BE00D171F9 /* Products */;
			projectDirPath = "";
			projectRoot = "";
			targets = (
				627CF5FA284674BE00D171F9 /* Odev2 */,
				627CF610284674C100D171F9 /* Odev2Tests */,
				627CF61A284674C100D171F9 /* Odev2UITests */,
			);
		};
/* End PBXProject section */

/* Begin PBXResourcesBuildPhase section */
		627CF5F9284674BE00D171F9 /* Resources */ = {
			isa = PBXResourcesBuildPhase;
			buildActionMask = 2147483647;
			files = (
				627CF60B284674C100D171F9 /* LaunchScreen.storyboard in Resources */,
				627CF608284674C100D171F9 /* Assets.xcassets in Resources */,
				627CF606284674BE00D171F9 /* Main.storyboard in Resources */,
			);
			runOnlyForDeploymentPostprocessing = 0;
		};
		627CF60F284674C100D171F9 /* Resources */ = {
			isa = PBXResourcesBuildPhase;
			buildActionMask = 2147483647;
			files = (
			);
			runOnlyForDeploymentPostprocessing = 0;
		};
		627CF619284674C100D171F9 /* Resources */ = {
			isa = PBXResourcesBuildPhase;
			buildActionMask = 2147483647;
			files = (
			);
			runOnlyForDeploymentPostprocessing = 0;
		};
/* End PBXResourcesBuildPhase section */

/* Begin PBXSourcesBuildPhase section */
		627CF5F7284674BE00D171F9 /* Sources */ = {
			isa = PBXSourcesBuildPhase;
			buildActionMask = 2147483647;
			files = (
				627CF603284674BE00D171F9 /* ViewController.swift in Sources */,
				627CF5FF284674BE00D171F9 /* AppDelegate.swift in Sources */,
				627CF601284674BE00D171F9 /* SceneDelegate.swift in Sources */,
			);
			runOnlyForDeploymentPostprocessing = 0;
		};
		627CF60D284674C100D171F9 /* Sources */ = {
			isa = PBXSourcesBuildPhase;
			buildActionMask = 2147483647;
			files = (
				627CF616284674C100D171F9 /* Odev2Tests.swift in Sources */,
			);
			runOnlyForDeploymentPostprocessing = 0;
		};
		627CF617284674C100D171F9 /* Sources */ = {
			isa = PBXSourcesBuildPhase;
			buildActionMask = 2147483647;
			files = (
				627CF620284674C100D171F9 /* Odev2UITests.swift in Sources */,
				627CF622284674C100D171F9 /* Odev2UITestsLaunchTests.swift in Sources */,
			);
			runOnlyForDeploymentPostprocessing = 0;
		};
/* End PBXSourcesBuildPhase section */

/* Begin PBXTargetDependency section */
		627CF613284674C100D171F9 /* PBXTargetDependency */ = {
			isa = PBXTargetDependency;
			target = 627CF5FA284674BE00D171F9 /* Odev2 */;
			targetProxy = 627CF612284674C100D171F9 /* PBXContainerItemProxy */;
		};
		627CF61D284674C100D171F9 /* PBXTargetDependency */ = {
			isa = PBXTargetDependency;
			target = 627CF5FA284674BE00D171F9 /* Odev2 */;
			targetProxy = 627CF61C284674C100D171F9 /* PBXContainerItemProxy */;
		};
/* End PBXTargetDependency section */

/* Begin PBXVariantGroup section */
		627CF604284674BE00D171F9 /* Main.storyboard */ = {
			isa = PBXVariantGroup;
			children = (
				627CF605284674BE00D171F9 /* Base */,
			);
			name = Main.storyboard;
			sourceTree = "<group>";
		};
		627CF609284674C100D171F9 /* LaunchScreen.storyboard */ = {
			isa = PBXVariantGroup;
			children = (
				627CF60A284674C100D171F9 /* Base */,
			);
			name = LaunchScreen.storyboard;
			sourceTree = "<group>";
		};
/* End PBXVariantGroup section */

/* Begin XCBuildConfiguration section */
		627CF623284674C100D171F9 /* Debug */ = {
			isa = XCBuildConfiguration;
			buildSettings = {
				ALWAYS_SEARCH_USER_PATHS = NO;
				CLANG_ANALYZER_NONNULL = YES;
				CLANG_ANALYZER_NUMBER_OBJECT_CONVERSION = YES_AGGRESSIVE;
				CLANG_CXX_LANGUAGE_STANDARD = "gnu++17";
				CLANG_ENABLE_MODULES = YES;
				CLANG_ENABLE_OBJC_ARC = YES;
				CLANG_ENABLE_OBJC_WEAK = YES;
				CLANG_WARN_BLOCK_CAPTURE_AUTORELEASING = YES;
				CLANG_WARN_BOOL_CONVERSION = YES;
				CLANG_WARN_COMMA = YES;
				CLANG_WARN_CONSTANT_CONVERSION = YES;
				CLANG_WARN_DEPRECATED_OBJC_IMPLEMENTATIONS = YES;
				CLANG_WARN_DIRECT_OBJC_ISA_USAGE = YES_ERROR;
				CLANG_WARN_DOCUMENTATION_COMMENTS = YES;
				CLANG_WARN_EMPTY_BODY = YES;
				CLANG_WARN_ENUM_CONVERSION = YES;
				CLANG_WARN_INFINITE_RECURSION = YES;
				CLANG_WARN_INT_CONVERSION = YES;
				CLANG_WARN_NON_LITERAL_NULL_CONVERSION = YES;
				CLANG_WARN_OBJC_IMPLICIT_RETAIN_SELF = YES;
				CLANG_WARN_OBJC_LITERAL_CONVERSION = YES;
				CLANG_WARN_OBJC_ROOT_CLASS = YES_ERROR;
				CLANG_WARN_QUOTED_INCLUDE_IN_FRAMEWORK_HEADER = YES;
				CLANG_WARN_RANGE_LOOP_ANALYSIS = YES;
				CLANG_WARN_STRICT_PROTOTYPES = YES;
				CLANG_WARN_SUSPICIOUS_MOVE = YES;
				CLANG_WARN_UNGUARDED_AVAILABILITY = YES_AGGRESSIVE;
				CLANG_WARN_UNREACHABLE_CODE = YES;
				CLANG_WARN__DUPLICATE_METHOD_MATCH = YES;
				COPY_PHASE_STRIP = NO;
				DEBUG_INFORMATION_FORMAT = dwarf;
				ENABLE_STRICT_OBJC_MSGSEND = YES;
				ENABLE_TESTABILITY = YES;
				GCC_C_LANGUAGE_STANDARD = gnu11;
				GCC_DYNAMIC_NO_PIC = NO;
				GCC_NO_COMMON_BLOCKS = YES;
				GCC_OPTIMIZATION_LEVEL = 0;
				GCC_PREPROCESSOR_DEFINITIONS = (
					"DEBUG=1",
					"$(inherited)",
				);
				GCC_WARN_64_TO_32_BIT_CONVERSION = YES;
				GCC_WARN_ABOUT_RETURN_TYPE = YES_ERROR;
				GCC_WARN_UNDECLARED_SELECTOR = YES;
				GCC_WARN_UNINITIALIZED_AUTOS = YES_AGGRESSIVE;
				GCC_WARN_UNUSED_FUNCTION = YES;
				GCC_WARN_UNUSED_VARIABLE = YES;
				IPHONEOS_DEPLOYMENT_TARGET = 15.5;
				MTL_ENABLE_DEBUG_INFO = INCLUDE_SOURCE;
				MTL_FAST_MATH = YES;
				ONLY_ACTIVE_ARCH = YES;
				SDKROOT = iphoneos;
				SWIFT_ACTIVE_COMPILATION_CONDITIONS = DEBUG;
				SWIFT_OPTIMIZATION_LEVEL = "-Onone";
			};
			name = Debug;
		};
		627CF624284674C100D171F9 /* Release */ = {
			isa = XCBuildConfiguration;
			buildSettings = {
				ALWAYS_SEARCH_USER_PATHS = NO;
				CLANG_ANALYZER_NONNULL = YES;
				CLANG_ANALYZER_NUMBER_OBJECT_CONVERSION = YES_AGGRESSIVE;
				CLANG_CXX_LANGUAGE_STANDARD = "gnu++17";
				CLANG_ENABLE_MODULES = YES;
				CLANG_ENABLE_OBJC_ARC = YES;
				CLANG_ENABLE_OBJC_WEAK = YES;
				CLANG_WARN_BLOCK_CAPTURE_AUTORELEASING = YES;
				CLANG_WARN_BOOL_CONVERSION = YES;
				CLANG_WARN_COMMA = YES;
				CLANG_WARN_CONSTANT_CONVERSION = YES;
				CLANG_WARN_DEPRECATED_OBJC_IMPLEMENTATIONS = YES;
				CLANG_WARN_DIRECT_OBJC_ISA_USAGE = YES_ERROR;
				CLANG_WARN_DOCUMENTATION_COMMENTS = YES;
				CLANG_WARN_EMPTY_BODY = YES;
				CLANG_WARN_ENUM_CONVERSION = YES;
				CLANG_WARN_INFINITE_RECURSION = YES;
				CLANG_WARN_INT_CONVERSION = YES;
				CLANG_WARN_NON_LITERAL_NULL_CONVERSION = YES;
				CLANG_WARN_OBJC_IMPLICIT_RETAIN_SELF = YES;
				CLANG_WARN_OBJC_LITERAL_CONVERSION = YES;
				CLANG_WARN_OBJC_ROOT_CLASS = YES_ERROR;
				CLANG_WARN_QUOTED_INCLUDE_IN_FRAMEWORK_HEADER = YES;
				CLANG_WARN_RANGE_LOOP_ANALYSIS = YES;
				CLANG_WARN_STRICT_PROTOTYPES = YES;
				CLANG_WARN_SUSPICIOUS_MOVE = YES;
				CLANG_WARN_UNGUARDED_AVAILABILITY = YES_AGGRESSIVE;
				CLANG_WARN_UNREACHABLE_CODE = YES;
				CLANG_WARN__DUPLICATE_METHOD_MATCH = YES;
				COPY_PHASE_STRIP = NO;
				DEBUG_INFORMATION_FORMAT = "dwarf-with-dsym";
				ENABLE_NS_ASSERTIONS = NO;
				ENABLE_STRICT_OBJC_MSGSEND = YES;
				GCC_C_LANGUAGE_STANDARD = gnu11;
				GCC_NO_COMMON_BLOCKS = YES;
				GCC_WARN_64_TO_32_BIT_CONVERSION = YES;
				GCC_WARN_ABOUT_RETURN_TYPE = YES_ERROR;
				GCC_WARN_UNDECLARED_SELECTOR = YES;
				GCC_WARN_UNINITIALIZED_AUTOS = YES_AGGRESSIVE;
				GCC_WARN_UNUSED_FUNCTION = YES;
				GCC_WARN_UNUSED_VARIABLE = YES;
				IPHONEOS_DEPLOYMENT_TARGET = 15.5;
				MTL_ENABLE_DEBUG_INFO = NO;
				MTL_FAST_MATH = YES;
				SDKROOT = iphoneos;
				SWIFT_COMPILATION_MODE = wholemodule;
				SWIFT_OPTIMIZATION_LEVEL = "-O";
				VALIDATE_PRODUCT = YES;
			};
			name = Release;
		};
		627CF626284674C100D171F9 /* Debug */ = {
			isa = XCBuildConfiguration;
			buildSettings = {
				ASSETCATALOG_COMPILER_APPICON_NAME = AppIcon;
				ASSETCATALOG_COMPILER_GLOBAL_ACCENT_COLOR_NAME = AccentColor;
				CODE_SIGN_STYLE = Automatic;
				CURRENT_PROJECT_VERSION = 1;
				GENERATE_INFOPLIST_FILE = YES;
				INFOPLIST_FILE = Odev2/Info.plist;
				INFOPLIST_KEY_UIApplicationSupportsIndirectInputEvents = YES;
				INFOPLIST_KEY_UILaunchStoryboardName = LaunchScreen;
				INFOPLIST_KEY_UIMainStoryboardFile = Main;
				INFOPLIST_KEY_UISupportedInterfaceOrientations_iPad = "UIInterfaceOrientationPortrait UIInterfaceOrientationPortraitUpsideDown UIInterfaceOrientationLandscapeLeft UIInterfaceOrientationLandscapeRight";
				INFOPLIST_KEY_UISupportedInterfaceOrientations_iPhone = "UIInterfaceOrientationPortrait UIInterfaceOrientationLandscapeLeft UIInterfaceOrientationLandscapeRight";
				LD_RUNPATH_SEARCH_PATHS = (
					"$(inherited)",
					"@executable_path/Frameworks",
				);
				MARKETING_VERSION = 1.0;
				PRODUCT_BUNDLE_IDENTIFIER = ncancay.Odev2;
				PRODUCT_NAME = "$(TARGET_NAME)";
				SWIFT_EMIT_LOC_STRINGS = YES;
				SWIFT_VERSION = 5.0;
				TARGETED_DEVICE_FAMILY = "1,2";
			};
			name = Debug;
		};
		627CF627284674C100D171F9 /* Release */ = {
			isa = XCBuildConfiguration;
			buildSettings = {
				ASSETCATALOG_COMPILER_APPICON_NAME = AppIcon;
				ASSETCATALOG_COMPILER_GLOBAL_ACCENT_COLOR_NAME = AccentColor;
				CODE_SIGN_STYLE = Automatic;
				CURRENT_PROJECT_VERSION = 1;
				GENERATE_INFOPLIST_FILE = YES;
				INFOPLIST_FILE = Odev2/Info.plist;
				INFOPLIST_KEY_UIApplicationSupportsIndirectInputEvents = YES;
				INFOPLIST_KEY_UILaunchStoryboardName = LaunchScreen;
				INFOPLIST_KEY_UIMainStoryboardFile = Main;
				INFOPLIST_KEY_UISupportedInterfaceOrientations_iPad = "UIInterfaceOrientationPortrait UIInterfaceOrientationPortraitUpsideDown UIInterfaceOrientationLandscapeLeft UIInterfaceOrientationLandscapeRight";
				INFOPLIST_KEY_UISupportedInterfaceOrientations_iPhone = "UIInterfaceOrientationPortrait UIInterfaceOrientationLandscapeLeft UIInterfaceOrientationLandscapeRight";
				LD_RUNPATH_SEARCH_PATHS = (
					"$(inherited)",
					"@executable_path/Frameworks",
				);
				MARKETING_VERSION = 1.0;
				PRODUCT_BUNDLE_IDENTIFIER = ncancay.Odev2;
				PRODUCT_NAME = "$(TARGET_NAME)";
				SWIFT_EMIT_LOC_STRINGS = YES;
				SWIFT_VERSION = 5.0;
				TARGETED_DEVICE_FAMILY = "1,2";
			};
			name = Release;
		};
		627CF629284674C100D171F9 /* Debug */ = {
			isa = XCBuildConfiguration;
			buildSettings = {
				ALWAYS_EMBED_SWIFT_STANDARD_LIBRARIES = YES;
				BUNDLE_LOADER = "$(TEST_HOST)";
				CODE_SIGN_STYLE = Automatic;
				CURRENT_PROJECT_VERSION = 1;
				GENERATE_INFOPLIST_FILE = YES;
				IPHONEOS_DEPLOYMENT_TARGET = 15.5;
				MARKETING_VERSION = 1.0;
				PRODUCT_BUNDLE_IDENTIFIER = ncancay.Odev2Tests;
				PRODUCT_NAME = "$(TARGET_NAME)";
				SWIFT_EMIT_LOC_STRINGS = NO;
				SWIFT_VERSION = 5.0;
				TARGETED_DEVICE_FAMILY = "1,2";
				TEST_HOST = "$(BUILT_PRODUCTS_DIR)/Odev2.app/Odev2";
			};
			name = Debug;
		};
		627CF62A284674C100D171F9 /* Release */ = {
			isa = XCBuildConfiguration;
			buildSettings = {
				ALWAYS_EMBED_SWIFT_STANDARD_LIBRARIES = YES;
				BUNDLE_LOADER = "$(TEST_HOST)";
				CODE_SIGN_STYLE = Automatic;
				CURRENT_PROJECT_VERSION = 1;
				GENERATE_INFOPLIST_FILE = YES;
				IPHONEOS_DEPLOYMENT_TARGET = 15.5;
				MARKETING_VERSION = 1.0;
				PRODUCT_BUNDLE_IDENTIFIER = ncancay.Odev2Tests;
				PRODUCT_NAME = "$(TARGET_NAME)";
				SWIFT_EMIT_LOC_STRINGS = NO;
				SWIFT_VERSION = 5.0;
				TARGETED_DEVICE_FAMILY = "1,2";
				TEST_HOST = "$(BUILT_PRODUCTS_DIR)/Odev2.app/Odev2";
			};
			name = Release;
		};
		627CF62C284674C100D171F9 /* Debug */ = {
			isa = XCBuildConfiguration;
			buildSettings = {
				ALWAYS_EMBED_SWIFT_STANDARD_LIBRARIES = YES;
				CODE_SIGN_STYLE = Automatic;
				CURRENT_PROJECT_VERSION = 1;
				GENERATE_INFOPLIST_FILE = YES;
				MARKETING_VERSION = 1.0;
				PRODUCT_BUNDLE_IDENTIFIER = ncancay.Odev2UITests;
				PRODUCT_NAME = "$(TARGET_NAME)";
				SWIFT_EMIT_LOC_STRINGS = NO;
				SWIFT_VERSION = 5.0;
				TARGETED_DEVICE_FAMILY = "1,2";
				TEST_TARGET_NAME = Odev2;
			};
			name = Debug;
		};
		627CF62D284674C100D171F9 /* Release */ = {
			isa = XCBuildConfiguration;
			buildSettings = {
				ALWAYS_EMBED_SWIFT_STANDARD_LIBRARIES = YES;
				CODE_SIGN_STYLE = Automatic;
				CURRENT_PROJECT_VERSION = 1;
				GENERATE_INFOPLIST_FILE = YES;
				MARKETING_VERSION = 1.0;
				PRODUCT_BUNDLE_IDENTIFIER = ncancay.Odev2UITests;
				PRODUCT_NAME = "$(TARGET_NAME)";
				SWIFT_EMIT_LOC_STRINGS = NO;
				SWIFT_VERSION = 5.0;
				TARGETED_DEVICE_FAMILY = "1,2";
				TEST_TARGET_NAME = Odev2;
			};
			name = Release;
		};
/* End XCBuildConfiguration section */

/* Begin XCConfigurationList section */
		627CF5F6284674BE00D171F9 /* Build configuration list for PBXProject "Odev2" */ = {
			isa = XCConfigurationList;
			buildConfigurations = (
				627CF623284674C100D171F9 /* Debug */,
				627CF624284674C100D171F9 /* Release */,
			);
			defaultConfigurationIsVisible = 0;
			defaultConfigurationName = Release;
		};
		627CF625284674C100D171F9 /* Build configuration list for PBXNativeTarget "Odev2" */ = {
			isa = XCConfigurationList;
			buildConfigurations = (
				627CF626284674C100D171F9 /* Debug */,
				627CF627284674C100D171F9 /* Release */,
			);
			defaultConfigurationIsVisible = 0;
			defaultConfigurationName = Release;
		};
		627CF628284674C100D171F9 /* Build configuration list for PBXNativeTarget "Odev2Tests" */ = {
			isa = XCConfigurationList;
			buildConfigurations = (
				627CF629284674C100D171F9 /* Debug */,
				627CF62A284674C100D171F9 /* Release */,
			);
			defaultConfigurationIsVisible = 0;
			defaultConfigurationName = Release;
		};
		627CF62B284674C100D171F9 /* Build configuration list for PBXNativeTarget "Odev2UITests" */ = {
			isa = XCConfigurationList;
			buildConfigurations = (
				627CF62C284674C100D171F9 /* Debug */,
				627CF62D284674C100D171F9 /* Release */,
			);
			defaultConfigurationIsVisible = 0;
			defaultConfigurationName = Release;
		};
/* End XCConfigurationList section */
	};
	rootObject = 627CF5F3284674BE00D171F9 /* Project object */;
}
